
Microsoft Visual Studio Solution File, Format Version 12.00
# Visual Studio Version 16
VisualStudioVersion = 16.0.30309.148
MinimumVisualStudioVersion = 10.0.40219.1
Project("{FAE04EC0-301F-11D3-BF4B-00C04F79EFBC}") = "Welcome_Page", "Welcome_Page.csproj", "{13E32C08-E533-45E5-A6D2-6F3FC47180B2}"
EndProject
Global
	GlobalSection(SolutionConfigurationPlatforms) = preSolution
		Debug|Any CPU = Debug|Any CPU
		Release|Any CPU = Release|Any CPU
	EndGlobalSection
	GlobalSection(ProjectConfigurationPlatforms) = postSolution
		{13E32C08-E533-45E5-A6D2-6F3FC47180B2}.Debug|Any CPU.ActiveCfg = Debug|Any CPU
		{13E32C08-E533-45E5-A6D2-6F3FC47180B2}.Debug|Any CPU.Build.0 = Debug|Any CPU
		{13E32C08-E533-45E5-A6D2-6F3FC47180B2}.Release|Any CPU.ActiveCfg = Release|Any CPU
		{13E32C08-E533-45E5-A6D2-6F3FC47180B2}.Release|Any CPU.Build.0 = Release|Any CPU
	EndGlobalSection
	GlobalSection(SolutionProperties) = preSolution
		HideSolutionNode = FALSE
	EndGlobalSection
	GlobalSection(ExtensibilityGlobals) = postSolution
		SolutionGuid = {A7B0B4A7-58D2-4BCD-9EDB-90AF25F5CEEA}
	EndGlobalSection
EndGlobal
